{
    "_readme": [
        "This file locks the dependencies of your project to a known state",
        "Read more about it at https://getcomposer.org/doc/01-basic-usage.md#composer-lock-the-lock-file",
        "This file is @generated automatically"
    ],
    "content-hash": "db5dd6e51aa82ea0538bc21374d2a926",
    "packages": [
        {
            "name": "firebase/php-jwt",
            "version": "v5.0.0",
            "source": {
                "type": "git",
                "url": "https://github.com/firebase/php-jwt.git",
                "reference": "9984a4d3a32ae7673d6971ea00bae9d0a1abba0e"
            },
            "dist": {
                "type": "zip",
                "url": "https://files.phpcomposer.com/files/firebase/php-jwt/9984a4d3a32ae7673d6971ea00bae9d0a1abba0e.zip",
                "reference": "9984a4d3a32ae7673d6971ea00bae9d0a1abba0e",
                "shasum": ""
            },
            "require": {
                "php": ">=5.3.0"
            },
            "require-dev": {
                "phpunit/phpunit": " 4.8.35"
            },
            "type": "library",
            "autoload": {
                "psr-4": {
                    "Firebase\\JWT\\": "src"
                }
            },
            "notification-url": "https://packagist.org/downloads/",
            "license": [
                "BSD-3-Clause"
            ],
            "authors": [
                {
                    "name": "Neuman Vong",
                    "email": "neuman+pear@twilio.com",
                    "role": "Developer"
                },
                {
                    "name": "Anant Narayanan",
                    "email": "anant@php.net",
                    "role": "Developer"
                }
            ],
            "description": "A simple library to encode and decode JSON Web Tokens (JWT) in PHP. Should conform to the current spec.",
            "homepage": "https://github.com/firebase/php-jwt",
            "time": "2017-06-27T22:17:23+00:00"
        },
        {
            "name": "gregwar/captcha",
            "version": "v1.1.6",
            "source": {
                "type": "git",
                "url": "https://github.com/Gregwar/Captcha.git",
                "reference": "a96d8dffc80d6213958bd19fbdef1555e8b63ca3"
            },
            "dist": {
                "type": "zip",
                "url": "https://files.phpcomposer.com/files/Gregwar/Captcha/a96d8dffc80d6213958bd19fbdef1555e8b63ca3.zip",
                "reference": "a96d8dffc80d6213958bd19fbdef1555e8b63ca3",
                "shasum": ""
            },
            "require": {
                "ext-gd": "*",
                "ext-mbstring": "*",
                "php": ">=5.3.0",
                "symfony/finder": "~3.0|~4.0"
            },
            "require-dev": {
                "phpunit/phpunit": "^6.4"
            },
            "type": "captcha",
            "autoload": {
                "psr-4": {
                    "Gregwar\\": "src/Gregwar"
                }
            },
            "notification-url": "https://packagist.org/downloads/",
            "license": [
                "MIT"
            ],
            "authors": [
                {
                    "name": "Grégoire Passault",
                    "email": "g.passault@gmail.com",
                    "homepage": "http://www.gregwar.com/"
                },
                {
                    "name": "Jeremy Livingston",
                    "email": "jeremy.j.livingston@gmail.com"
                }
            ],
            "description": "Captcha generator",
            "homepage": "https://github.com/Gregwar/Captcha",
            "keywords": [
                "bot",
                "captcha",
                "spam"
            ],
            "time": "2018-04-24T09:20:08+00:00"
        },
        {
            "name": "symfony/finder",
            "version": "v3.4.12",
            "source": {
                "type": "git",
                "url": "https://github.com/symfony/finder.git",
                "reference": "3a8c3de91d2b2c68cd2d665cf9d00f7ef9eaa394"
            },
            "dist": {
                "type": "zip",
                "url": "https://files.phpcomposer.com/files/symfony/finder/3a8c3de91d2b2c68cd2d665cf9d00f7ef9eaa394.zip",
                "reference": "3a8c3de91d2b2c68cd2d665cf9d00f7ef9eaa394",
                "shasum": ""
            },
            "require": {
                "php": "^5.5.9|>=7.0.8"
            },
            "type": "library",
            "extra": {
                "branch-alias": {
                    "dev-master": "3.4-dev"
                }
            },
            "autoload": {
                "psr-4": {
                    "Symfony\\Component\\Finder\\": ""
                },
                "exclude-from-classmap": [
                    "/Tests/"
                ]
            },
            "notification-url": "https://packagist.org/downloads/",
            "license": [
                "MIT"
            ],
            "authors": [
                {
                    "name": "Fabien Potencier",
                    "email": "fabien@symfony.com"
                },
                {
                    "name": "Symfony Community",
                    "homepage": "https://symfony.com/contributors"
                }
            ],
            "description": "Symfony Finder Component",
            "homepage": "https://symfony.com",
            "time": "2018-06-19T20:52:10+00:00"
        }
    ],
    "packages-dev": [],
    "aliases": [],
    "minimum-stability": "stable",
    "stability-flags": [],
    "prefer-stable": false,
    "prefer-lowest": false,
    "platform": [],
    "platform-dev": []
}
